
Microsoft Visual Studio Solution File, Format Version 12.00
# Visual Studio Version 17
VisualStudioVersion = 17.2.32526.322
MinimumVisualStudioVersion = 10.0.40219.1
Project("{FAE04EC0-301F-11D3-BF4B-00C04F79EFBC}") = "Wpf_Calculator", "Wpf_Calculator\Wpf_Calculator.csproj", "{3F20B820-F856-44FC-BBB3-65F70F74BDA0}"
EndProject
Global
	GlobalSection(SolutionConfigurationPlatforms) = preSolution
		Debug|Any CPU = Debug|Any CPU
		Release|Any CPU = Release|Any CPU
	EndGlobalSection
	GlobalSection(ProjectConfigurationPlatforms) = postSolution
		{3F20B820-F856-44FC-BBB3-65F70F74BDA0}.Debug|Any CPU.ActiveCfg = Debug|Any CPU
		{3F20B820-F856-44FC-BBB3-65F70F74BDA0}.Debug|Any CPU.Build.0 = Debug|Any CPU
		{3F20B820-F856-44FC-BBB3-65F70F74BDA0}.Release|Any CPU.ActiveCfg = Release|Any CPU
		{3F20B820-F856-44FC-BBB3-65F70F74BDA0}.Release|Any CPU.Build.0 = Release|Any CPU
	EndGlobalSection
	GlobalSection(SolutionProperties) = preSolution
		HideSolutionNode = FALSE
	EndGlobalSection
	GlobalSection(ExtensibilityGlobals) = postSolution
		SolutionGuid = {395FECC0-E041-4020-BA9A-CC2C1AEB0B0D}
	EndGlobalSection
EndGlobal
